
Microsoft Visual Studio Solution File, Format Version 12.00
# Visual Studio Version 17
VisualStudioVersion = 17.11.35327.3
MinimumVisualStudioVersion = 10.0.40219.1
Project("{FAE04EC0-301F-11D3-BF4B-00C04F79EFBC}") = "ValueTypeVsReferenceType", "ValueTypeVsReferenceType\ValueTypeVsReferenceType.csproj", "{AEA99495-0883-47F3-8A7A-7E748A31A716}"
EndProject
Project("{FAE04EC0-301F-11D3-BF4B-00C04F79EFBC}") = "BoxingVsUnboxing", "BoxingVsUnboxing\BoxingVsUnboxing.csproj", "{6C6D3109-3B8D-4D64-B236-85BE98D4BE1F}"
EndProject
Project("{FAE04EC0-301F-11D3-BF4B-00C04F79EFBC}") = "ArithmeticOperators", "ArithmeticOperators\ArithmeticOperators.csproj", "{7DC69FF1-6A83-4BDC-BC65-DFFC5A3C32A7}"
EndProject
Global
	GlobalSection(SolutionConfigurationPlatforms) = preSolution
		Debug|Any CPU = Debug|Any CPU
		Release|Any CPU = Release|Any CPU
	EndGlobalSection
	GlobalSection(ProjectConfigurationPlatforms) = postSolution
		{AEA99495-0883-47F3-8A7A-7E748A31A716}.Debug|Any CPU.ActiveCfg = Debug|Any CPU
		{AEA99495-0883-47F3-8A7A-7E748A31A716}.Debug|Any CPU.Build.0 = Debug|Any CPU
		{AEA99495-0883-47F3-8A7A-7E748A31A716}.Release|Any CPU.ActiveCfg = Release|Any CPU
		{AEA99495-0883-47F3-8A7A-7E748A31A716}.Release|Any CPU.Build.0 = Release|Any CPU
		{6C6D3109-3B8D-4D64-B236-85BE98D4BE1F}.Debug|Any CPU.ActiveCfg = Debug|Any CPU
		{6C6D3109-3B8D-4D64-B236-85BE98D4BE1F}.Debug|Any CPU.Build.0 = Debug|Any CPU
		{6C6D3109-3B8D-4D64-B236-85BE98D4BE1F}.Release|Any CPU.ActiveCfg = Release|Any CPU
		{6C6D3109-3B8D-4D64-B236-85BE98D4BE1F}.Release|Any CPU.Build.0 = Release|Any CPU
		{7DC69FF1-6A83-4BDC-BC65-DFFC5A3C32A7}.Debug|Any CPU.ActiveCfg = Debug|Any CPU
		{7DC69FF1-6A83-4BDC-BC65-DFFC5A3C32A7}.Debug|Any CPU.Build.0 = Debug|Any CPU
		{7DC69FF1-6A83-4BDC-BC65-DFFC5A3C32A7}.Release|Any CPU.ActiveCfg = Release|Any CPU
		{7DC69FF1-6A83-4BDC-BC65-DFFC5A3C32A7}.Release|Any CPU.Build.0 = Release|Any CPU
	EndGlobalSection
	GlobalSection(SolutionProperties) = preSolution
		HideSolutionNode = FALSE
	EndGlobalSection
	GlobalSection(ExtensibilityGlobals) = postSolution
		SolutionGuid = {185A4340-EF3A-4C58-BA65-7B2CD82D7059}
	EndGlobalSection
EndGlobal
