
Microsoft Visual Studio Solution File, Format Version 12.00
# Visual Studio Version 17
VisualStudioVersion = 17.8.34525.116
MinimumVisualStudioVersion = 10.0.40219.1
Project("{FAE04EC0-301F-11D3-BF4B-00C04F79EFBC}") = "TextHello", "TextHello.csproj", "{AC8D17EC-819E-4B24-B2D6-C2301B690F41}"
EndProject
Global
	GlobalSection(SolutionConfigurationPlatforms) = preSolution
		Debug|Any CPU = Debug|Any CPU
		Release|Any CPU = Release|Any CPU
	EndGlobalSection
	GlobalSection(ProjectConfigurationPlatforms) = postSolution
		{AC8D17EC-819E-4B24-B2D6-C2301B690F41}.Debug|Any CPU.ActiveCfg = Debug|Any CPU
		{AC8D17EC-819E-4B24-B2D6-C2301B690F41}.Debug|Any CPU.Build.0 = Debug|Any CPU
		{AC8D17EC-819E-4B24-B2D6-C2301B690F41}.Release|Any CPU.ActiveCfg = Release|Any CPU
		{AC8D17EC-819E-4B24-B2D6-C2301B690F41}.Release|Any CPU.Build.0 = Release|Any CPU
	EndGlobalSection
	GlobalSection(SolutionProperties) = preSolution
		HideSolutionNode = FALSE
	EndGlobalSection
	GlobalSection(ExtensibilityGlobals) = postSolution
		SolutionGuid = {2F5B08C8-8832-49F8-A4B3-0D830F7B98D8}
	EndGlobalSection
EndGlobal
